// !$*UTF8*$!
{
	archiveVersion = 1;
	classes = {
	};
	objectVersion = 55;
	objects = {

/* Begin PBXBuildFile section */
		77B06E23276BBFF500550163 /* AppDelegate.swift in Sources */ = {isa = PBXBuildFile; fileRef = 77B06E22276BBFF500550163 /* AppDelegate.swift */; };
		77B06E25276BBFF500550163 /* SceneDelegate.swift in Sources */ = {isa = PBXBuildFile; fileRef = 77B06E24276BBFF500550163 /* SceneDelegate.swift */; };
		77B06E27276BBFF500550163 /* ViewController.swift in Sources */ = {isa = PBXBuildFile; fileRef = 77B06E26276BBFF500550163 /* ViewController.swift */; };
		77B06E2A276BBFF500550163 /* Main.storyboard in Resources */ = {isa = PBXBuildFile; fileRef = 77B06E28276BBFF500550163 /* Main.storyboard */; };
		77B06E2C276BBFF700550163 /* Assets.xcassets in Resources */ = {isa = PBXBuildFile; fileRef = 77B06E2B276BBFF700550163 /* Assets.xcassets */; };
		77B06E2F276BBFF700550163 /* LaunchScreen.storyboard in Resources */ = {isa = PBXBuildFile; fileRef = 77B06E2D276BBFF700550163 /* LaunchScreen.storyboard */; };
		77B06E3A276BBFF700550163 /* ROCK_PAPER_SCISSOR___Tests.swift in Sources */ = {isa = PBXBuildFile; fileRef = 77B06E39276BBFF700550163 /* ROCK_PAPER_SCISSOR___Tests.swift */; };
		77B06E44276BBFF700550163 /* ROCK_PAPER_SCISSOR___UITests.swift in Sources */ = {isa = PBXBuildFile; fileRef = 77B06E43276BBFF700550163 /* ROCK_PAPER_SCISSOR___UITests.swift */; };
		77B06E46276BBFF700550163 /* ROCK_PAPER_SCISSOR___UITestsLaunchTests.swift in Sources */ = {isa = PBXBuildFile; fileRef = 77B06E45276BBFF700550163 /* ROCK_PAPER_SCISSOR___UITestsLaunchTests.swift */; };
/* End PBXBuildFile section */

/* Begin PBXContainerItemProxy section */
		77B06E36276BBFF700550163 /* PBXContainerItemProxy */ = {
			isa = PBXContainerItemProxy;
			containerPortal = 77B06E17276BBFF500550163 /* Project object */;
			proxyType = 1;
			remoteGlobalIDString = 77B06E1E276BBFF500550163;
			remoteInfo = "ROCK_PAPER_SCISSOR!!!";
		};
		77B06E40276BBFF700550163 /* PBXContainerItemProxy */ = {
			isa = PBXContainerItemProxy;
			containerPortal = 77B06E17276BBFF500550163 /* Project object */;
			proxyType = 1;
			remoteGlobalIDString = 77B06E1E276BBFF500550163;
			remoteInfo = "ROCK_PAPER_SCISSOR!!!";
		};
/* End PBXContainerItemProxy section */

/* Begin PBXFileReference section */
		77B06E1F276BBFF500550163 /* ROCK_PAPER_SCISSOR!!!.app */ = {isa = PBXFileReference; explicitFileType = wrapper.application; includeInIndex = 0; path = "ROCK_PAPER_SCISSOR!!!.app"; sourceTree = BUILT_PRODUCTS_DIR; };
		77B06E22276BBFF500550163 /* AppDelegate.swift */ = {isa = PBXFileReference; lastKnownFileType = sourcecode.swift; path = AppDelegate.swift; sourceTree = "<group>"; };
		77B06E24276BBFF500550163 /* SceneDelegate.swift */ = {isa = PBXFileReference; lastKnownFileType = sourcecode.swift; path = SceneDelegate.swift; sourceTree = "<group>"; };
		77B06E26276BBFF500550163 /* ViewController.swift */ = {isa = PBXFileReference; lastKnownFileType = sourcecode.swift; path = ViewController.swift; sourceTree = "<group>"; };
		77B06E29276BBFF500550163 /* Base */ = {isa = PBXFileReference; lastKnownFileType = file.storyboard; name = Base; path = Base.lproj/Main.storyboard; sourceTree = "<group>"; };
		77B06E2B276BBFF700550163 /* Assets.xcassets */ = {isa = PBXFileReference; lastKnownFileType = folder.assetcatalog; path = Assets.xcassets; sourceTree = "<group>"; };
		77B06E2E276BBFF700550163 /* Base */ = {isa = PBXFileReference; lastKnownFileType = file.storyboard; name = Base; path = Base.lproj/LaunchScreen.storyboard; sourceTree = "<group>"; };
		77B06E30276BBFF700550163 /* Info.plist */ = {isa = PBXFileReference; lastKnownFileType = text.plist.xml; path = Info.plist; sourceTree = "<group>"; };
		77B06E35276BBFF700550163 /* ROCK_PAPER_SCISSOR!!!Tests.xctest */ = {isa = PBXFileReference; explicitFileType = wrapper.cfbundle; includeInIndex = 0; path = "ROCK_PAPER_SCISSOR!!!Tests.xctest"; sourceTree = BUILT_PRODUCTS_DIR; };
		77B06E39276BBFF700550163 /* ROCK_PAPER_SCISSOR___Tests.swift */ = {isa = PBXFileReference; lastKnownFileType = sourcecode.swift; path = "ROCK_PAPER_SCISSOR___Tests.swift"; sourceTree = "<group>"; };
		77B06E3F276BBFF700550163 /* ROCK_PAPER_SCISSOR!!!UITests.xctest */ = {isa = PBXFileReference; explicitFileType = wrapper.cfbundle; includeInIndex = 0; path = "ROCK_PAPER_SCISSOR!!!UITests.xctest"; sourceTree = BUILT_PRODUCTS_DIR; };
		77B06E43276BBFF700550163 /* ROCK_PAPER_SCISSOR___UITests.swift */ = {isa = PBXFileReference; lastKnownFileType = sourcecode.swift; path = "ROCK_PAPER_SCISSOR___UITests.swift"; sourceTree = "<group>"; };
		77B06E45276BBFF700550163 /* ROCK_PAPER_SCISSOR___UITestsLaunchTests.swift */ = {isa = PBXFileReference; lastKnownFileType = sourcecode.swift; path = "ROCK_PAPER_SCISSOR___UITestsLaunchTests.swift"; sourceTree = "<group>"; };
/* End PBXFileReference section */

/* Begin PBXFrameworksBuildPhase section */
		77B06E1C276BBFF500550163 /* Frameworks */ = {
			isa = PBXFrameworksBuildPhase;
			buildActionMask = 2147483647;
			files = (
			);
			runOnlyForDeploymentPostprocessing = 0;
		};
		77B06E32276BBFF700550163 /* Frameworks */ = {
			isa = PBXFrameworksBuildPhase;
			buildActionMask = 2147483647;
			files = (
			);
			runOnlyForDeploymentPostprocessing = 0;
		};
		77B06E3C276BBFF700550163 /* Frameworks */ = {
			isa = PBXFrameworksBuildPhase;
			buildActionMask = 2147483647;
			files = (
			);
			runOnlyForDeploymentPostprocessing = 0;
		};
/* End PBXFrameworksBuildPhase section */

/* Begin PBXGroup section */
		77B06E16276BBFF500550163 = {
			isa = PBXGroup;
			children = (
				77B06E21276BBFF500550163 /* ROCK_PAPER_SCISSOR!!! */,
				77B06E38276BBFF700550163 /* ROCK_PAPER_SCISSOR!!!Tests */,
				77B06E42276BBFF700550163 /* ROCK_PAPER_SCISSOR!!!UITests */,
				77B06E20276BBFF500550163 /* Products */,
			);
			sourceTree = "<group>";
		};
		77B06E20276BBFF500550163 /* Products */ = {
			isa = PBXGroup;
			children = (
				77B06E1F276BBFF500550163 /* ROCK_PAPER_SCISSOR!!!.app */,
				77B06E35276BBFF700550163 /* ROCK_PAPER_SCISSOR!!!Tests.xctest */,
				77B06E3F276BBFF700550163 /* ROCK_PAPER_SCISSOR!!!UITests.xctest */,
			);
			name = Products;
			sourceTree = "<group>";
		};
		77B06E21276BBFF500550163 /* ROCK_PAPER_SCISSOR!!! */ = {
			isa = PBXGroup;
			children = (
				77B06E22276BBFF500550163 /* AppDelegate.swift */,
				77B06E24276BBFF500550163 /* SceneDelegate.swift */,
				77B06E26276BBFF500550163 /* ViewController.swift */,
				77B06E28276BBFF500550163 /* Main.storyboard */,
				77B06E2B276BBFF700550163 /* Assets.xcassets */,
				77B06E2D276BBFF700550163 /* LaunchScreen.storyboard */,
				77B06E30276BBFF700550163 /* Info.plist */,
			);
			path = "ROCK_PAPER_SCISSOR!!!";
			sourceTree = "<group>";
		};
		77B06E38276BBFF700550163 /* ROCK_PAPER_SCISSOR!!!Tests */ = {
			isa = PBXGroup;
			children = (
				77B06E39276BBFF700550163 /* ROCK_PAPER_SCISSOR___Tests.swift */,
			);
			path = "ROCK_PAPER_SCISSOR!!!Tests";
			sourceTree = "<group>";
		};
		77B06E42276BBFF700550163 /* ROCK_PAPER_SCISSOR!!!UITests */ = {
			isa = PBXGroup;
			children = (
				77B06E43276BBFF700550163 /* ROCK_PAPER_SCISSOR___UITests.swift */,
				77B06E45276BBFF700550163 /* ROCK_PAPER_SCISSOR___UITestsLaunchTests.swift */,
			);
			path = "ROCK_PAPER_SCISSOR!!!UITests";
			sourceTree = "<group>";
		};
/* End PBXGroup section */

/* Begin PBXNativeTarget section */
		77B06E1E276BBFF500550163 /* ROCK_PAPER_SCISSOR!!! */ = {
			isa = PBXNativeTarget;
			buildConfigurationList = 77B06E49276BBFF700550163 /* Build configuration list for PBXNativeTarget "ROCK_PAPER_SCISSOR!!!" */;
			buildPhases = (
				77B06E1B276BBFF500550163 /* Sources */,
				77B06E1C276BBFF500550163 /* Frameworks */,
				77B06E1D276BBFF500550163 /* Resources */,
			);
			buildRules = (
			);
			dependencies = (
			);
			name = "ROCK_PAPER_SCISSOR!!!";
			productName = "ROCK_PAPER_SCISSOR!!!";
			productReference = 77B06E1F276BBFF500550163 /* ROCK_PAPER_SCISSOR!!!.app */;
			productType = "com.apple.product-type.application";
		};
		77B06E34276BBFF700550163 /* ROCK_PAPER_SCISSOR!!!Tests */ = {
			isa = PBXNativeTarget;
			buildConfigurationList = 77B06E4C276BBFF700550163 /* Build configuration list for PBXNativeTarget "ROCK_PAPER_SCISSOR!!!Tests" */;
			buildPhases = (
				77B06E31276BBFF700550163 /* Sources */,
				77B06E32276BBFF700550163 /* Frameworks */,
				77B06E33276BBFF700550163 /* Resources */,
			);
			buildRules = (
			);
			dependencies = (
				77B06E37276BBFF700550163 /* PBXTargetDependency */,
			);
			name = "ROCK_PAPER_SCISSOR!!!Tests";
			productName = "ROCK_PAPER_SCISSOR!!!Tests";
			productReference = 77B06E35276BBFF700550163 /* ROCK_PAPER_SCISSOR!!!Tests.xctest */;
			productType = "com.apple.product-type.bundle.unit-test";
		};
		77B06E3E276BBFF700550163 /* ROCK_PAPER_SCISSOR!!!UITests */ = {
			isa = PBXNativeTarget;
			buildConfigurationList = 77B06E4F276BBFF700550163 /* Build configuration list for PBXNativeTarget "ROCK_PAPER_SCISSOR!!!UITests" */;
			buildPhases = (
				77B06E3B276BBFF700550163 /* Sources */,
				77B06E3C276BBFF700550163 /* Frameworks */,
				77B06E3D276BBFF700550163 /* Resources */,
			);
			buildRules = (
			);
			dependencies = (
				77B06E41276BBFF700550163 /* PBXTargetDependency */,
			);
			name = "ROCK_PAPER_SCISSOR!!!UITests";
			productName = "ROCK_PAPER_SCISSOR!!!UITests";
			productReference = 77B06E3F276BBFF700550163 /* ROCK_PAPER_SCISSOR!!!UITests.xctest */;
			productType = "com.apple.product-type.bundle.ui-testing";
		};
/* End PBXNativeTarget section */

/* Begin PBXProject section */
		77B06E17276BBFF500550163 /* Project object */ = {
			isa = PBXProject;
			attributes = {
				BuildIndependentTargetsInParallel = 1;
				LastSwiftUpdateCheck = 1320;
				LastUpgradeCheck = 1320;
				TargetAttributes = {
					77B06E1E276BBFF500550163 = {
						CreatedOnToolsVersion = 13.2;
					};
					77B06E34276BBFF700550163 = {
						CreatedOnToolsVersion = 13.2;
						TestTargetID = 77B06E1E276BBFF500550163;
					};
					77B06E3E276BBFF700550163 = {
						CreatedOnToolsVersion = 13.2;
						TestTargetID = 77B06E1E276BBFF500550163;
					};
				};
			};
			buildConfigurationList = 77B06E1A276BBFF500550163 /* Build configuration list for PBXProject "ROCK_PAPER_SCISSOR!!!" */;
			compatibilityVersion = "Xcode 13.0";
			developmentRegion = en;
			hasScannedForEncodings = 0;
			knownRegions = (
				en,
				Base,
			);
			mainGroup = 77B06E16276BBFF500550163;
			productRefGroup = 77B06E20276BBFF500550163 /* Products */;
			projectDirPath = "";
			projectRoot = "";
			targets = (
				77B06E1E276BBFF500550163 /* ROCK_PAPER_SCISSOR!!! */,
				77B06E34276BBFF700550163 /* ROCK_PAPER_SCISSOR!!!Tests */,
				77B06E3E276BBFF700550163 /* ROCK_PAPER_SCISSOR!!!UITests */,
			);
		};
/* End PBXProject section */

/* Begin PBXResourcesBuildPhase section */
		77B06E1D276BBFF500550163 /* Resources */ = {
			isa = PBXResourcesBuildPhase;
			buildActionMask = 2147483647;
			files = (
				77B06E2F276BBFF700550163 /* LaunchScreen.storyboard in Resources */,
				77B06E2C276BBFF700550163 /* Assets.xcassets in Resources */,
				77B06E2A276BBFF500550163 /* Main.storyboard in Resources */,
			);
			runOnlyForDeploymentPostprocessing = 0;
		};
		77B06E33276BBFF700550163 /* Resources */ = {
			isa = PBXResourcesBuildPhase;
			buildActionMask = 2147483647;
			files = (
			);
			runOnlyForDeploymentPostprocessing = 0;
		};
		77B06E3D276BBFF700550163 /* Resources */ = {
			isa = PBXResourcesBuildPhase;
			buildActionMask = 2147483647;
			files = (
			);
			runOnlyForDeploymentPostprocessing = 0;
		};
/* End PBXResourcesBuildPhase section */

/* Begin PBXSourcesBuildPhase section */
		77B06E1B276BBFF500550163 /* Sources */ = {
			isa = PBXSourcesBuildPhase;
			buildActionMask = 2147483647;
			files = (
				77B06E27276BBFF500550163 /* ViewController.swift in Sources */,
				77B06E23276BBFF500550163 /* AppDelegate.swift in Sources */,
				77B06E25276BBFF500550163 /* SceneDelegate.swift in Sources */,
			);
			runOnlyForDeploymentPostprocessing = 0;
		};
		77B06E31276BBFF700550163 /* Sources */ = {
			isa = PBXSourcesBuildPhase;
			buildActionMask = 2147483647;
			files = (
				77B06E3A276BBFF700550163 /* ROCK_PAPER_SCISSOR___Tests.swift in Sources */,
			);
			runOnlyForDeploymentPostprocessing = 0;
		};
		77B06E3B276BBFF700550163 /* Sources */ = {
			isa = PBXSourcesBuildPhase;
			buildActionMask = 2147483647;
			files = (
				77B06E44276BBFF700550163 /* ROCK_PAPER_SCISSOR___UITests.swift in Sources */,
				77B06E46276BBFF700550163 /* ROCK_PAPER_SCISSOR___UITestsLaunchTests.swift in Sources */,
			);
			runOnlyForDeploymentPostprocessing = 0;
		};
/* End PBXSourcesBuildPhase section */

/* Begin PBXTargetDependency section */
		77B06E37276BBFF700550163 /* PBXTargetDependency */ = {
			isa = PBXTargetDependency;
			target = 77B06E1E276BBFF500550163 /* ROCK_PAPER_SCISSOR!!! */;
			targetProxy = 77B06E36276BBFF700550163 /* PBXContainerItemProxy */;
		};
		77B06E41276BBFF700550163 /* PBXTargetDependency */ = {
			isa = PBXTargetDependency;
			target = 77B06E1E276BBFF500550163 /* ROCK_PAPER_SCISSOR!!! */;
			targetProxy = 77B06E40276BBFF700550163 /* PBXContainerItemProxy */;
		};
/* End PBXTargetDependency section */

/* Begin PBXVariantGroup section */
		77B06E28276BBFF500550163 /* Main.storyboard */ = {
			isa = PBXVariantGroup;
			children = (
				77B06E29276BBFF500550163 /* Base */,
			);
			name = Main.storyboard;
			sourceTree = "<group>";
		};
		77B06E2D276BBFF700550163 /* LaunchScreen.storyboard */ = {
			isa = PBXVariantGroup;
			children = (
				77B06E2E276BBFF700550163 /* Base */,
			);
			name = LaunchScreen.storyboard;
			sourceTree = "<group>";
		};
/* End PBXVariantGroup section */

/* Begin XCBuildConfiguration section */
		77B06E47276BBFF700550163 /* Debug */ = {
			isa = XCBuildConfiguration;
			buildSettings = {
				ALWAYS_SEARCH_USER_PATHS = NO;
				CLANG_ANALYZER_NONNULL = YES;
				CLANG_ANALYZER_NUMBER_OBJECT_CONVERSION = YES_AGGRESSIVE;
				CLANG_CXX_LANGUAGE_STANDARD = "gnu++17";
				CLANG_CXX_LIBRARY = "libc++";
				CLANG_ENABLE_MODULES = YES;
				CLANG_ENABLE_OBJC_ARC = YES;
				CLANG_ENABLE_OBJC_WEAK = YES;
				CLANG_WARN_BLOCK_CAPTURE_AUTORELEASING = YES;
				CLANG_WARN_BOOL_CONVERSION = YES;
				CLANG_WARN_COMMA = YES;
				CLANG_WARN_CONSTANT_CONVERSION = YES;
				CLANG_WARN_DEPRECATED_OBJC_IMPLEMENTATIONS = YES;
				CLANG_WARN_DIRECT_OBJC_ISA_USAGE = YES_ERROR;
				CLANG_WARN_DOCUMENTATION_COMMENTS = YES;
				CLANG_WARN_EMPTY_BODY = YES;
				CLANG_WARN_ENUM_CONVERSION = YES;
				CLANG_WARN_INFINITE_RECURSION = YES;
				CLANG_WARN_INT_CONVERSION = YES;
				CLANG_WARN_NON_LITERAL_NULL_CONVERSION = YES;
				CLANG_WARN_OBJC_IMPLICIT_RETAIN_SELF = YES;
				CLANG_WARN_OBJC_LITERAL_CONVERSION = YES;
				CLANG_WARN_OBJC_ROOT_CLASS = YES_ERROR;
				CLANG_WARN_QUOTED_INCLUDE_IN_FRAMEWORK_HEADER = YES;
				CLANG_WARN_RANGE_LOOP_ANALYSIS = YES;
				CLANG_WARN_STRICT_PROTOTYPES = YES;
				CLANG_WARN_SUSPICIOUS_MOVE = YES;
				CLANG_WARN_UNGUARDED_AVAILABILITY = YES_AGGRESSIVE;
				CLANG_WARN_UNREACHABLE_CODE = YES;
				CLANG_WARN__DUPLICATE_METHOD_MATCH = YES;
				COPY_PHASE_STRIP = NO;
				DEBUG_INFORMATION_FORMAT = dwarf;
				ENABLE_STRICT_OBJC_MSGSEND = YES;
				ENABLE_TESTABILITY = YES;
				GCC_C_LANGUAGE_STANDARD = gnu11;
				GCC_DYNAMIC_NO_PIC = NO;
				GCC_NO_COMMON_BLOCKS = YES;
				GCC_OPTIMIZATION_LEVEL = 0;
				GCC_PREPROCESSOR_DEFINITIONS = (
					"DEBUG=1",
					"$(inherited)",
				);
				GCC_WARN_64_TO_32_BIT_CONVERSION = YES;
				GCC_WARN_ABOUT_RETURN_TYPE = YES_ERROR;
				GCC_WARN_UNDECLARED_SELECTOR = YES;
				GCC_WARN_UNINITIALIZED_AUTOS = YES_AGGRESSIVE;
				GCC_WARN_UNUSED_FUNCTION = YES;
				GCC_WARN_UNUSED_VARIABLE = YES;
				IPHONEOS_DEPLOYMENT_TARGET = 15.2;
				MTL_ENABLE_DEBUG_INFO = INCLUDE_SOURCE;
				MTL_FAST_MATH = YES;
				ONLY_ACTIVE_ARCH = YES;
				SDKROOT = iphoneos;
				SWIFT_ACTIVE_COMPILATION_CONDITIONS = DEBUG;
				SWIFT_OPTIMIZATION_LEVEL = "-Onone";
			};
			name = Debug;
		};
		77B06E48276BBFF700550163 /* Release */ = {
			isa = XCBuildConfiguration;
			buildSettings = {
				ALWAYS_SEARCH_USER_PATHS = NO;
				CLANG_ANALYZER_NONNULL = YES;
				CLANG_ANALYZER_NUMBER_OBJECT_CONVERSION = YES_AGGRESSIVE;
				CLANG_CXX_LANGUAGE_STANDARD = "gnu++17";
				CLANG_CXX_LIBRARY = "libc++";
				CLANG_ENABLE_MODULES = YES;
				CLANG_ENABLE_OBJC_ARC = YES;
				CLANG_ENABLE_OBJC_WEAK = YES;
				CLANG_WARN_BLOCK_CAPTURE_AUTORELEASING = YES;
				CLANG_WARN_BOOL_CONVERSION = YES;
				CLANG_WARN_COMMA = YES;
				CLANG_WARN_CONSTANT_CONVERSION = YES;
				CLANG_WARN_DEPRECATED_OBJC_IMPLEMENTATIONS = YES;
				CLANG_WARN_DIRECT_OBJC_ISA_USAGE = YES_ERROR;
				CLANG_WARN_DOCUMENTATION_COMMENTS = YES;
				CLANG_WARN_EMPTY_BODY = YES;
				CLANG_WARN_ENUM_CONVERSION = YES;
				CLANG_WARN_INFINITE_RECURSION = YES;
				CLANG_WARN_INT_CONVERSION = YES;
				CLANG_WARN_NON_LITERAL_NULL_CONVERSION = YES;
				CLANG_WARN_OBJC_IMPLICIT_RETAIN_SELF = YES;
				CLANG_WARN_OBJC_LITERAL_CONVERSION = YES;
				CLANG_WARN_OBJC_ROOT_CLASS = YES_ERROR;
				CLANG_WARN_QUOTED_INCLUDE_IN_FRAMEWORK_HEADER = YES;
				CLANG_WARN_RANGE_LOOP_ANALYSIS = YES;
				CLANG_WARN_STRICT_PROTOTYPES = YES;
				CLANG_WARN_SUSPICIOUS_MOVE = YES;
				CLANG_WARN_UNGUARDED_AVAILABILITY = YES_AGGRESSIVE;
				CLANG_WARN_UNREACHABLE_CODE = YES;
				CLANG_WARN__DUPLICATE_METHOD_MATCH = YES;
				COPY_PHASE_STRIP = NO;
				DEBUG_INFORMATION_FORMAT = "dwarf-with-dsym";
				ENABLE_NS_ASSERTIONS = NO;
				ENABLE_STRICT_OBJC_MSGSEND = YES;
				GCC_C_LANGUAGE_STANDARD = gnu11;
				GCC_NO_COMMON_BLOCKS = YES;
				GCC_WARN_64_TO_32_BIT_CONVERSION = YES;
				GCC_WARN_ABOUT_RETURN_TYPE = YES_ERROR;
				GCC_WARN_UNDECLARED_SELECTOR = YES;
				GCC_WARN_UNINITIALIZED_AUTOS = YES_AGGRESSIVE;
				GCC_WARN_UNUSED_FUNCTION = YES;
				GCC_WARN_UNUSED_VARIABLE = YES;
				IPHONEOS_DEPLOYMENT_TARGET = 15.2;
				MTL_ENABLE_DEBUG_INFO = NO;
				MTL_FAST_MATH = YES;
				SDKROOT = iphoneos;
				SWIFT_COMPILATION_MODE = wholemodule;
				SWIFT_OPTIMIZATION_LEVEL = "-O";
				VALIDATE_PRODUCT = YES;
			};
			name = Release;
		};
		77B06E4A276BBFF700550163 /* Debug */ = {
			isa = XCBuildConfiguration;
			buildSettings = {
				ASSETCATALOG_COMPILER_APPICON_NAME = AppIcon;
				ASSETCATALOG_COMPILER_GLOBAL_ACCENT_COLOR_NAME = AccentColor;
				CODE_SIGN_STYLE = Automatic;
				CURRENT_PROJECT_VERSION = 1;
				DEVELOPMENT_TEAM = 5FX2GPRUUN;
				GENERATE_INFOPLIST_FILE = YES;
				INFOPLIST_FILE = "ROCK_PAPER_SCISSOR!!!/Info.plist";
				INFOPLIST_KEY_UIApplicationSupportsIndirectInputEvents = YES;
				INFOPLIST_KEY_UILaunchStoryboardName = LaunchScreen;
				INFOPLIST_KEY_UIMainStoryboardFile = Main;
				INFOPLIST_KEY_UISupportedInterfaceOrientations_iPad = "UIInterfaceOrientationPortrait UIInterfaceOrientationPortraitUpsideDown UIInterfaceOrientationLandscapeLeft UIInterfaceOrientationLandscapeRight";
				INFOPLIST_KEY_UISupportedInterfaceOrientations_iPhone = "UIInterfaceOrientationPortrait UIInterfaceOrientationLandscapeLeft UIInterfaceOrientationLandscapeRight";
				LD_RUNPATH_SEARCH_PATHS = (
					"$(inherited)",
					"@executable_path/Frameworks",
				);
				MARKETING_VERSION = 1.0;
				PRODUCT_BUNDLE_IDENTIFIER = "C--.ROCK-PAPER-SCISSOR---";
				PRODUCT_NAME = "$(TARGET_NAME)";
				SWIFT_EMIT_LOC_STRINGS = YES;
				SWIFT_VERSION = 5.0;
				TARGETED_DEVICE_FAMILY = "1,2";
			};
			name = Debug;
		};
		77B06E4B276BBFF700550163 /* Release */ = {
			isa = XCBuildConfiguration;
			buildSettings = {
				ASSETCATALOG_COMPILER_APPICON_NAME = AppIcon;
				ASSETCATALOG_COMPILER_GLOBAL_ACCENT_COLOR_NAME = AccentColor;
				CODE_SIGN_STYLE = Automatic;
				CURRENT_PROJECT_VERSION = 1;
				DEVELOPMENT_TEAM = 5FX2GPRUUN;
				GENERATE_INFOPLIST_FILE = YES;
				INFOPLIST_FILE = "ROCK_PAPER_SCISSOR!!!/Info.plist";
				INFOPLIST_KEY_UIApplicationSupportsIndirectInputEvents = YES;
				INFOPLIST_KEY_UILaunchStoryboardName = LaunchScreen;
				INFOPLIST_KEY_UIMainStoryboardFile = Main;
				INFOPLIST_KEY_UISupportedInterfaceOrientations_iPad = "UIInterfaceOrientationPortrait UIInterfaceOrientationPortraitUpsideDown UIInterfaceOrientationLandscapeLeft UIInterfaceOrientationLandscapeRight";
				INFOPLIST_KEY_UISupportedInterfaceOrientations_iPhone = "UIInterfaceOrientationPortrait UIInterfaceOrientationLandscapeLeft UIInterfaceOrientationLandscapeRight";
				LD_RUNPATH_SEARCH_PATHS = (
					"$(inherited)",
					"@executable_path/Frameworks",
				);
				MARKETING_VERSION = 1.0;
				PRODUCT_BUNDLE_IDENTIFIER = "C--.ROCK-PAPER-SCISSOR---";
				PRODUCT_NAME = "$(TARGET_NAME)";
				SWIFT_EMIT_LOC_STRINGS = YES;
				SWIFT_VERSION = 5.0;
				TARGETED_DEVICE_FAMILY = "1,2";
			};
			name = Release;
		};
		77B06E4D276BBFF700550163 /* Debug */ = {
			isa = XCBuildConfiguration;
			buildSettings = {
				ALWAYS_EMBED_SWIFT_STANDARD_LIBRARIES = YES;
				BUNDLE_LOADER = "$(TEST_HOST)";
				CODE_SIGN_STYLE = Automatic;
				CURRENT_PROJECT_VERSION = 1;
				DEVELOPMENT_TEAM = 5FX2GPRUUN;
				GENERATE_INFOPLIST_FILE = YES;
				IPHONEOS_DEPLOYMENT_TARGET = 15.2;
				MARKETING_VERSION = 1.0;
				PRODUCT_BUNDLE_IDENTIFIER = "C--.ROCK-PAPER-SCISSOR---Tests";
				PRODUCT_NAME = "$(TARGET_NAME)";
				SWIFT_EMIT_LOC_STRINGS = NO;
				SWIFT_VERSION = 5.0;
				TARGETED_DEVICE_FAMILY = "1,2";
				TEST_HOST = "$(BUILT_PRODUCTS_DIR)/ROCK_PAPER_SCISSOR!!!.app/ROCK_PAPER_SCISSOR!!!";
			};
			name = Debug;
		};
		77B06E4E276BBFF700550163 /* Release */ = {
			isa = XCBuildConfiguration;
			buildSettings = {
				ALWAYS_EMBED_SWIFT_STANDARD_LIBRARIES = YES;
				BUNDLE_LOADER = "$(TEST_HOST)";
				CODE_SIGN_STYLE = Automatic;
				CURRENT_PROJECT_VERSION = 1;
				DEVELOPMENT_TEAM = 5FX2GPRUUN;
				GENERATE_INFOPLIST_FILE = YES;
				IPHONEOS_DEPLOYMENT_TARGET = 15.2;
				MARKETING_VERSION = 1.0;
				PRODUCT_BUNDLE_IDENTIFIER = "C--.ROCK-PAPER-SCISSOR---Tests";
				PRODUCT_NAME = "$(TARGET_NAME)";
				SWIFT_EMIT_LOC_STRINGS = NO;
				SWIFT_VERSION = 5.0;
				TARGETED_DEVICE_FAMILY = "1,2";
				TEST_HOST = "$(BUILT_PRODUCTS_DIR)/ROCK_PAPER_SCISSOR!!!.app/ROCK_PAPER_SCISSOR!!!";
			};
			name = Release;
		};
		77B06E50276BBFF700550163 /* Debug */ = {
			isa = XCBuildConfiguration;
			buildSettings = {
				ALWAYS_EMBED_SWIFT_STANDARD_LIBRARIES = YES;
				CODE_SIGN_STYLE = Automatic;
				CURRENT_PROJECT_VERSION = 1;
				DEVELOPMENT_TEAM = 5FX2GPRUUN;
				GENERATE_INFOPLIST_FILE = YES;
				MARKETING_VERSION = 1.0;
				PRODUCT_BUNDLE_IDENTIFIER = "C--.ROCK-PAPER-SCISSOR---UITests";
				PRODUCT_NAME = "$(TARGET_NAME)";
				SWIFT_EMIT_LOC_STRINGS = NO;
				SWIFT_VERSION = 5.0;
				TARGETED_DEVICE_FAMILY = "1,2";
				TEST_TARGET_NAME = "ROCK_PAPER_SCISSOR!!!";
			};
			name = Debug;
		};
		77B06E51276BBFF700550163 /* Release */ = {
			isa = XCBuildConfiguration;
			buildSettings = {
				ALWAYS_EMBED_SWIFT_STANDARD_LIBRARIES = YES;
				CODE_SIGN_STYLE = Automatic;
				CURRENT_PROJECT_VERSION = 1;
				DEVELOPMENT_TEAM = 5FX2GPRUUN;
				GENERATE_INFOPLIST_FILE = YES;
				MARKETING_VERSION = 1.0;
				PRODUCT_BUNDLE_IDENTIFIER = "C--.ROCK-PAPER-SCISSOR---UITests";
				PRODUCT_NAME = "$(TARGET_NAME)";
				SWIFT_EMIT_LOC_STRINGS = NO;
				SWIFT_VERSION = 5.0;
				TARGETED_DEVICE_FAMILY = "1,2";
				TEST_TARGET_NAME = "ROCK_PAPER_SCISSOR!!!";
			};
			name = Release;
		};
/* End XCBuildConfiguration section */

/* Begin XCConfigurationList section */
		77B06E1A276BBFF500550163 /* Build configuration list for PBXProject "ROCK_PAPER_SCISSOR!!!" */ = {
			isa = XCConfigurationList;
			buildConfigurations = (
				77B06E47276BBFF700550163 /* Debug */,
				77B06E48276BBFF700550163 /* Release */,
			);
			defaultConfigurationIsVisible = 0;
			defaultConfigurationName = Release;
		};
		77B06E49276BBFF700550163 /* Build configuration list for PBXNativeTarget "ROCK_PAPER_SCISSOR!!!" */ = {
			isa = XCConfigurationList;
			buildConfigurations = (
				77B06E4A276BBFF700550163 /* Debug */,
				77B06E4B276BBFF700550163 /* Release */,
			);
			defaultConfigurationIsVisible = 0;
			defaultConfigurationName = Release;
		};
		77B06E4C276BBFF700550163 /* Build configuration list for PBXNativeTarget "ROCK_PAPER_SCISSOR!!!Tests" */ = {
			isa = XCConfigurationList;
			buildConfigurations = (
				77B06E4D276BBFF700550163 /* Debug */,
				77B06E4E276BBFF700550163 /* Release */,
			);
			defaultConfigurationIsVisible = 0;
			defaultConfigurationName = Release;
		};
		77B06E4F276BBFF700550163 /* Build configuration list for PBXNativeTarget "ROCK_PAPER_SCISSOR!!!UITests" */ = {
			isa = XCConfigurationList;
			buildConfigurations = (
				77B06E50276BBFF700550163 /* Debug */,
				77B06E51276BBFF700550163 /* Release */,
			);
			defaultConfigurationIsVisible = 0;
			defaultConfigurationName = Release;
		};
/* End XCConfigurationList section */
	};
	rootObject = 77B06E17276BBFF500550163 /* Project object */;
}
